// !$*UTF8*$!
{
	archiveVersion = 1;
	classes = {
	};
	objectVersion = 46;
	objects = {

/* Begin PBXBuildFile section */
		1154268419EFB38C0029A732 /* main.m in Sources */ = {isa = PBXBuildFile; fileRef = 1154268319EFB38C0029A732 /* main.m */; };
		1154268719EFB38D0029A732 /* AppDelegate.m in Sources */ = {isa = PBXBuildFile; fileRef = 1154268619EFB38D0029A732 /* AppDelegate.m */; };
		1154268A19EFB38E0029A732 /* ViewController.m in Sources */ = {isa = PBXBuildFile; fileRef = 1154268919EFB38E0029A732 /* ViewController.m */; };
		1154268D19EFB38E0029A732 /* Main.storyboard in Resources */ = {isa = PBXBuildFile; fileRef = 1154268B19EFB38E0029A732 /* Main.storyboard */; };
		1154268F19EFB38E0029A732 /* Images.xcassets in Resources */ = {isa = PBXBuildFile; fileRef = 1154268E19EFB38E0029A732 /* Images.xcassets */; };
		1154269219EFB38E0029A732 /* LaunchScreen.xib in Resources */ = {isa = PBXBuildFile; fileRef = 1154269019EFB38E0029A732 /* LaunchScreen.xib */; };
		1154269E19EFB38F0029A732 /* JSONParseTests.m in Sources */ = {isa = PBXBuildFile; fileRef = 1154269D19EFB38F0029A732 /* JSONParseTests.m */; };
		115426A919EFB4040029A732 /* JSONParse.m in Sources */ = {isa = PBXBuildFile; fileRef = 115426A819EFB4040029A732 /* JSONParse.m */; };
		118D418519FF5D310096A634 /* SYModelObject.m in Sources */ = {isa = PBXBuildFile; fileRef = 118D418419FF5D310096A634 /* SYModelObject.m */; };
		118D418819FF63830096A634 /* UserInfo.m in Sources */ = {isa = PBXBuildFile; fileRef = 118D418719FF63830096A634 /* UserInfo.m */; };
		11B6F6AE19F0E523001154EB /* ModelClass.m in Sources */ = {isa = PBXBuildFile; fileRef = 11B6F6AD19F0E523001154EB /* ModelClass.m */; };
/* End PBXBuildFile section */

/* Begin PBXContainerItemProxy section */
		1154269819EFB38E0029A732 /* PBXContainerItemProxy */ = {
			isa = PBXContainerItemProxy;
			containerPortal = 1154267619EFB38A0029A732 /* Project object */;
			proxyType = 1;
			remoteGlobalIDString = 1154267D19EFB38B0029A732;
			remoteInfo = JSONParse;
		};
/* End PBXContainerItemProxy section */

/* Begin PBXFileReference section */
		1154267E19EFB38B0029A732 /* JSONParse.app */ = {isa = PBXFileReference; explicitFileType = wrapper.application; includeInIndex = 0; path = JSONParse.app; sourceTree = BUILT_PRODUCTS_DIR; };
		1154268219EFB38C0029A732 /* Info.plist */ = {isa = PBXFileReference; lastKnownFileType = text.plist.xml; path = Info.plist; sourceTree = "<group>"; };
		1154268319EFB38C0029A732 /* main.m */ = {isa = PBXFileReference; lastKnownFileType = sourcecode.c.objc; path = main.m; sourceTree = "<group>"; };
		1154268519EFB38D0029A732 /* AppDelegate.h */ = {isa = PBXFileReference; lastKnownFileType = sourcecode.c.h; path = AppDelegate.h; sourceTree = "<group>"; };
		1154268619EFB38D0029A732 /* AppDelegate.m */ = {isa = PBXFileReference; lastKnownFileType = sourcecode.c.objc; path = AppDelegate.m; sourceTree = "<group>"; };
		1154268819EFB38D0029A732 /* ViewController.h */ = {isa = PBXFileReference; lastKnownFileType = sourcecode.c.h; path = ViewController.h; sourceTree = "<group>"; };
		1154268919EFB38E0029A732 /* ViewController.m */ = {isa = PBXFileReference; lastKnownFileType = sourcecode.c.objc; path = ViewController.m; sourceTree = "<group>"; };
		1154268C19EFB38E0029A732 /* Base */ = {isa = PBXFileReference; lastKnownFileType = file.storyboard; name = Base; path = Base.lproj/Main.storyboard; sourceTree = "<group>"; };
		1154268E19EFB38E0029A732 /* Images.xcassets */ = {isa = PBXFileReference; lastKnownFileType = folder.assetcatalog; path = Images.xcassets; sourceTree = "<group>"; };
		1154269119EFB38E0029A732 /* Base */ = {isa = PBXFileReference; lastKnownFileType = file.xib; name = Base; path = Base.lproj/LaunchScreen.xib; sourceTree = "<group>"; };
		1154269719EFB38E0029A732 /* JSONParseTests.xctest */ = {isa = PBXFileReference; explicitFileType = wrapper.cfbundle; includeInIndex = 0; path = JSONParseTests.xctest; sourceTree = BUILT_PRODUCTS_DIR; };
		1154269C19EFB38F0029A732 /* Info.plist */ = {isa = PBXFileReference; lastKnownFileType = text.plist.xml; path = Info.plist; sourceTree = "<group>"; };
		1154269D19EFB38F0029A732 /* JSONParseTests.m */ = {isa = PBXFileReference; lastKnownFileType = sourcecode.c.objc; path = JSONParseTests.m; sourceTree = "<group>"; };
		115426A719EFB4040029A732 /* JSONParse.h */ = {isa = PBXFileReference; fileEncoding = 4; lastKnownFileType = sourcecode.c.h; path = JSONParse.h; sourceTree = "<group>"; };
		115426A819EFB4040029A732 /* JSONParse.m */ = {isa = PBXFileReference; fileEncoding = 4; lastKnownFileType = sourcecode.c.objc; path = JSONParse.m; sourceTree = "<group>"; };
		118D418319FF5D310096A634 /* SYModelObject.h */ = {isa = PBXFileReference; fileEncoding = 4; lastKnownFileType = sourcecode.c.h; path = SYModelObject.h; sourceTree = "<group>"; };
		118D418419FF5D310096A634 /* SYModelObject.m */ = {isa = PBXFileReference; fileEncoding = 4; lastKnownFileType = sourcecode.c.objc; path = SYModelObject.m; sourceTree = "<group>"; };
		118D418619FF63830096A634 /* UserInfo.h */ = {isa = PBXFileReference; fileEncoding = 4; lastKnownFileType = sourcecode.c.h; path = UserInfo.h; sourceTree = "<group>"; };
		118D418719FF63830096A634 /* UserInfo.m */ = {isa = PBXFileReference; fileEncoding = 4; lastKnownFileType = sourcecode.c.objc; path = UserInfo.m; sourceTree = "<group>"; };
		11B6F6AC19F0E523001154EB /* ModelClass.h */ = {isa = PBXFileReference; fileEncoding = 4; lastKnownFileType = sourcecode.c.h; path = ModelClass.h; sourceTree = "<group>"; };
		11B6F6AD19F0E523001154EB /* ModelClass.m */ = {isa = PBXFileReference; fileEncoding = 4; lastKnownFileType = sourcecode.c.objc; path = ModelClass.m; sourceTree = "<group>"; };
/* End PBXFileReference section */

/* Begin PBXFrameworksBuildPhase section */
		1154267B19EFB38B0029A732 /* Frameworks */ = {
			isa = PBXFrameworksBuildPhase;
			buildActionMask = 2147483647;
			files = (
			);
			runOnlyForDeploymentPostprocessing = 0;
		};
		1154269419EFB38E0029A732 /* Frameworks */ = {
			isa = PBXFrameworksBuildPhase;
			buildActionMask = 2147483647;
			files = (
			);
			runOnlyForDeploymentPostprocessing = 0;
		};
/* End PBXFrameworksBuildPhase section */

/* Begin PBXGroup section */
		1154267519EFB3890029A732 = {
			isa = PBXGroup;
			children = (
				1154268019EFB38B0029A732 /* JSONParse */,
				1154269A19EFB38E0029A732 /* JSONParseTests */,
				1154267F19EFB38B0029A732 /* Products */,
			);
			sourceTree = "<group>";
		};
		1154267F19EFB38B0029A732 /* Products */ = {
			isa = PBXGroup;
			children = (
				1154267E19EFB38B0029A732 /* JSONParse.app */,
				1154269719EFB38E0029A732 /* JSONParseTests.xctest */,
			);
			name = Products;
			sourceTree = "<group>";
		};
		1154268019EFB38B0029A732 /* JSONParse */ = {
			isa = PBXGroup;
			children = (
				1154268519EFB38D0029A732 /* AppDelegate.h */,
				1154268619EFB38D0029A732 /* AppDelegate.m */,
				1154268819EFB38D0029A732 /* ViewController.h */,
				1154268919EFB38E0029A732 /* ViewController.m */,
				11B6F6AC19F0E523001154EB /* ModelClass.h */,
				11B6F6AD19F0E523001154EB /* ModelClass.m */,
				1154268B19EFB38E0029A732 /* Main.storyboard */,
				1154268E19EFB38E0029A732 /* Images.xcassets */,
				1154269019EFB38E0029A732 /* LaunchScreen.xib */,
				1154268119EFB38C0029A732 /* Supporting Files */,
				115426A719EFB4040029A732 /* JSONParse.h */,
				115426A819EFB4040029A732 /* JSONParse.m */,
				118D418319FF5D310096A634 /* SYModelObject.h */,
				118D418419FF5D310096A634 /* SYModelObject.m */,
				118D418619FF63830096A634 /* UserInfo.h */,
				118D418719FF63830096A634 /* UserInfo.m */,
			);
			path = JSONParse;
			sourceTree = "<group>";
		};
		1154268119EFB38C0029A732 /* Supporting Files */ = {
			isa = PBXGroup;
			children = (
				1154268219EFB38C0029A732 /* Info.plist */,
				1154268319EFB38C0029A732 /* main.m */,
			);
			name = "Supporting Files";
			sourceTree = "<group>";
		};
		1154269A19EFB38E0029A732 /* JSONParseTests */ = {
			isa = PBXGroup;
			children = (
				1154269D19EFB38F0029A732 /* JSONParseTests.m */,
				1154269B19EFB38F0029A732 /* Supporting Files */,
			);
			path = JSONParseTests;
			sourceTree = "<group>";
		};
		1154269B19EFB38F0029A732 /* Supporting Files */ = {
			isa = PBXGroup;
			children = (
				1154269C19EFB38F0029A732 /* Info.plist */,
			);
			name = "Supporting Files";
			sourceTree = "<group>";
		};
/* End PBXGroup section */

/* Begin PBXNativeTarget section */
		1154267D19EFB38B0029A732 /* JSONParse */ = {
			isa = PBXNativeTarget;
			buildConfigurationList = 115426A119EFB38F0029A732 /* Build configuration list for PBXNativeTarget "JSONParse" */;
			buildPhases = (
				1154267A19EFB38B0029A732 /* Sources */,
				1154267B19EFB38B0029A732 /* Frameworks */,
				1154267C19EFB38B0029A732 /* Resources */,
			);
			buildRules = (
			);
			dependencies = (
			);
			name = JSONParse;
			productName = JSONParse;
			productReference = 1154267E19EFB38B0029A732 /* JSONParse.app */;
			productType = "com.apple.product-type.application";
		};
		1154269619EFB38E0029A732 /* JSONParseTests */ = {
			isa = PBXNativeTarget;
			buildConfigurationList = 115426A419EFB38F0029A732 /* Build configuration list for PBXNativeTarget "JSONParseTests" */;
			buildPhases = (
				1154269319EFB38E0029A732 /* Sources */,
				1154269419EFB38E0029A732 /* Frameworks */,
				1154269519EFB38E0029A732 /* Resources */,
			);
			buildRules = (
			);
			dependencies = (
				1154269919EFB38E0029A732 /* PBXTargetDependency */,
			);
			name = JSONParseTests;
			productName = JSONParseTests;
			productReference = 1154269719EFB38E0029A732 /* JSONParseTests.xctest */;
			productType = "com.apple.product-type.bundle.unit-test";
		};
/* End PBXNativeTarget section */

/* Begin PBXProject section */
		1154267619EFB38A0029A732 /* Project object */ = {
			isa = PBXProject;
			attributes = {
				LastUpgradeCheck = 0600;
				ORGANIZATIONNAME = SY;
				TargetAttributes = {
					1154267D19EFB38B0029A732 = {
						CreatedOnToolsVersion = 6.0.1;
					};
					1154269619EFB38E0029A732 = {
						CreatedOnToolsVersion = 6.0.1;
						TestTargetID = 1154267D19EFB38B0029A732;
					};
				};
			};
			buildConfigurationList = 1154267919EFB38A0029A732 /* Build configuration list for PBXProject "JSONParse" */;
			compatibilityVersion = "Xcode 3.2";
			developmentRegion = English;
			hasScannedForEncodings = 0;
			knownRegions = (
				en,
				Base,
			);
			mainGroup = 1154267519EFB3890029A732;
			productRefGroup = 1154267F19EFB38B0029A732 /* Products */;
			projectDirPath = "";
			projectRoot = "";
			targets = (
				1154267D19EFB38B0029A732 /* JSONParse */,
				1154269619EFB38E0029A732 /* JSONParseTests */,
			);
		};
/* End PBXProject section */

/* Begin PBXResourcesBuildPhase section */
		1154267C19EFB38B0029A732 /* Resources */ = {
			isa = PBXResourcesBuildPhase;
			buildActionMask = 2147483647;
			files = (
				1154268D19EFB38E0029A732 /* Main.storyboard in Resources */,
				1154269219EFB38E0029A732 /* LaunchScreen.xib in Resources */,
				1154268F19EFB38E0029A732 /* Images.xcassets in Resources */,
			);
			runOnlyForDeploymentPostprocessing = 0;
		};
		1154269519EFB38E0029A732 /* Resources */ = {
			isa = PBXResourcesBuildPhase;
			buildActionMask = 2147483647;
			files = (
			);
			runOnlyForDeploymentPostprocessing = 0;
		};
/* End PBXResourcesBuildPhase section */

/* Begin PBXSourcesBuildPhase section */
		1154267A19EFB38B0029A732 /* Sources */ = {
			isa = PBXSourcesBuildPhase;
			buildActionMask = 2147483647;
			files = (
				1154268A19EFB38E0029A732 /* ViewController.m in Sources */,
				1154268719EFB38D0029A732 /* AppDelegate.m in Sources */,
				118D418519FF5D310096A634 /* SYModelObject.m in Sources */,
				11B6F6AE19F0E523001154EB /* ModelClass.m in Sources */,
				1154268419EFB38C0029A732 /* main.m in Sources */,
				115426A919EFB4040029A732 /* JSONParse.m in Sources */,
				118D418819FF63830096A634 /* UserInfo.m in Sources */,
			);
			runOnlyForDeploymentPostprocessing = 0;
		};
		1154269319EFB38E0029A732 /* Sources */ = {
			isa = PBXSourcesBuildPhase;
			buildActionMask = 2147483647;
			files = (
				1154269E19EFB38F0029A732 /* JSONParseTests.m in Sources */,
			);
			runOnlyForDeploymentPostprocessing = 0;
		};
/* End PBXSourcesBuildPhase section */

/* Begin PBXTargetDependency section */
		1154269919EFB38E0029A732 /* PBXTargetDependency */ = {
			isa = PBXTargetDependency;
			target = 1154267D19EFB38B0029A732 /* JSONParse */;
			targetProxy = 1154269819EFB38E0029A732 /* PBXContainerItemProxy */;
		};
/* End PBXTargetDependency section */

/* Begin PBXVariantGroup section */
		1154268B19EFB38E0029A732 /* Main.storyboard */ = {
			isa = PBXVariantGroup;
			children = (
				1154268C19EFB38E0029A732 /* Base */,
			);
			name = Main.storyboard;
			sourceTree = "<group>";
		};
		1154269019EFB38E0029A732 /* LaunchScreen.xib */ = {
			isa = PBXVariantGroup;
			children = (
				1154269119EFB38E0029A732 /* Base */,
			);
			name = LaunchScreen.xib;
			sourceTree = "<group>";
		};
/* End PBXVariantGroup section */

/* Begin XCBuildConfiguration section */
		1154269F19EFB38F0029A732 /* Debug */ = {
			isa = XCBuildConfiguration;
			buildSettings = {
				ALWAYS_SEARCH_USER_PATHS = NO;
				CLANG_CXX_LANGUAGE_STANDARD = "gnu++0x";
				CLANG_CXX_LIBRARY = "libc++";
				CLANG_ENABLE_MODULES = YES;
				CLANG_ENABLE_OBJC_ARC = YES;
				CLANG_WARN_BOOL_CONVERSION = YES;
				CLANG_WARN_CONSTANT_CONVERSION = YES;
				CLANG_WARN_DIRECT_OBJC_ISA_USAGE = YES_ERROR;
				CLANG_WARN_EMPTY_BODY = YES;
				CLANG_WARN_ENUM_CONVERSION = YES;
				CLANG_WARN_INT_CONVERSION = YES;
				CLANG_WARN_OBJC_ROOT_CLASS = YES_ERROR;
				CLANG_WARN_UNREACHABLE_CODE = YES;
				CLANG_WARN__DUPLICATE_METHOD_MATCH = YES;
				"CODE_SIGN_IDENTITY[sdk=iphoneos*]" = "iPhone Developer";
				COPY_PHASE_STRIP = NO;
				ENABLE_STRICT_OBJC_MSGSEND = YES;
				GCC_C_LANGUAGE_STANDARD = gnu99;
				GCC_DYNAMIC_NO_PIC = NO;
				GCC_OPTIMIZATION_LEVEL = 0;
				GCC_PREPROCESSOR_DEFINITIONS = (
					"DEBUG=1",
					"$(inherited)",
				);
				GCC_SYMBOLS_PRIVATE_EXTERN = NO;
				GCC_WARN_64_TO_32_BIT_CONVERSION = YES;
				GCC_WARN_ABOUT_RETURN_TYPE = YES_ERROR;
				GCC_WARN_UNDECLARED_SELECTOR = YES;
				GCC_WARN_UNINITIALIZED_AUTOS = YES_AGGRESSIVE;
				GCC_WARN_UNUSED_FUNCTION = YES;
				GCC_WARN_UNUSED_VARIABLE = YES;
				IPHONEOS_DEPLOYMENT_TARGET = 8.0;
				MTL_ENABLE_DEBUG_INFO = YES;
				ONLY_ACTIVE_ARCH = YES;
				SDKROOT = iphoneos;
			};
			name = Debug;
		};
		115426A019EFB38F0029A732 /* Release */ = {
			isa = XCBuildConfiguration;
			buildSettings = {
				ALWAYS_SEARCH_USER_PATHS = NO;
				CLANG_CXX_LANGUAGE_STANDARD = "gnu++0x";
				CLANG_CXX_LIBRARY = "libc++";
				CLANG_ENABLE_MODULES = YES;
				CLANG_ENABLE_OBJC_ARC = YES;
				CLANG_WARN_BOOL_CONVERSION = YES;
				CLANG_WARN_CONSTANT_CONVERSION = YES;
				CLANG_WARN_DIRECT_OBJC_ISA_USAGE = YES_ERROR;
				CLANG_WARN_EMPTY_BODY = YES;
				CLANG_WARN_ENUM_CONVERSION = YES;
				CLANG_WARN_INT_CONVERSION = YES;
				CLANG_WARN_OBJC_ROOT_CLASS = YES_ERROR;
				CLANG_WARN_UNREACHABLE_CODE = YES;
				CLANG_WARN__DUPLICATE_METHOD_MATCH = YES;
				"CODE_SIGN_IDENTITY[sdk=iphoneos*]" = "iPhone Developer";
				COPY_PHASE_STRIP = YES;
				ENABLE_NS_ASSERTIONS = NO;
				ENABLE_STRICT_OBJC_MSGSEND = YES;
				GCC_C_LANGUAGE_STANDARD = gnu99;
				GCC_WARN_64_TO_32_BIT_CONVERSION = YES;
				GCC_WARN_ABOUT_RETURN_TYPE = YES_ERROR;
				GCC_WARN_UNDECLARED_SELECTOR = YES;
				GCC_WARN_UNINITIALIZED_AUTOS = YES_AGGRESSIVE;
				GCC_WARN_UNUSED_FUNCTION = YES;
				GCC_WARN_UNUSED_VARIABLE = YES;
				IPHONEOS_DEPLOYMENT_TARGET = 8.0;
				MTL_ENABLE_DEBUG_INFO = NO;
				SDKROOT = iphoneos;
				VALIDATE_PRODUCT = YES;
			};
			name = Release;
		};
		115426A219EFB38F0029A732 /* Debug */ = {
			isa = XCBuildConfiguration;
			buildSettings = {
				ASSETCATALOG_COMPILER_APPICON_NAME = AppIcon;
				INFOPLIST_FILE = JSONParse/Info.plist;
				LD_RUNPATH_SEARCH_PATHS = "$(inherited) @executable_path/Frameworks";
				PRODUCT_NAME = "$(TARGET_NAME)";
			};
			name = Debug;
		};
		115426A319EFB38F0029A732 /* Release */ = {
			isa = XCBuildConfiguration;
			buildSettings = {
				ASSETCATALOG_COMPILER_APPICON_NAME = AppIcon;
				INFOPLIST_FILE = JSONParse/Info.plist;
				LD_RUNPATH_SEARCH_PATHS = "$(inherited) @executable_path/Frameworks";
				PRODUCT_NAME = "$(TARGET_NAME)";
			};
			name = Release;
		};
		115426A519EFB38F0029A732 /* Debug */ = {
			isa = XCBuildConfiguration;
			buildSettings = {
				BUNDLE_LOADER = "$(TEST_HOST)";
				FRAMEWORK_SEARCH_PATHS = (
					"$(SDKROOT)/Developer/Library/Frameworks",
					"$(inherited)",
				);
				GCC_PREPROCESSOR_DEFINITIONS = (
					"DEBUG=1",
					"$(inherited)",
				);
				INFOPLIST_FILE = JSONParseTests/Info.plist;
				LD_RUNPATH_SEARCH_PATHS = "$(inherited) @executable_path/Frameworks @loader_path/Frameworks";
				PRODUCT_NAME = "$(TARGET_NAME)";
				TEST_HOST = "$(BUILT_PRODUCTS_DIR)/JSONParse.app/JSONParse";
			};
			name = Debug;
		};
		115426A619EFB38F0029A732 /* Release */ = {
			isa = XCBuildConfiguration;
			buildSettings = {
				BUNDLE_LOADER = "$(TEST_HOST)";
				FRAMEWORK_SEARCH_PATHS = (
					"$(SDKROOT)/Developer/Library/Frameworks",
					"$(inherited)",
				);
				INFOPLIST_FILE = JSONParseTests/Info.plist;
				LD_RUNPATH_SEARCH_PATHS = "$(inherited) @executable_path/Frameworks @loader_path/Frameworks";
				PRODUCT_NAME = "$(TARGET_NAME)";
				TEST_HOST = "$(BUILT_PRODUCTS_DIR)/JSONParse.app/JSONParse";
			};
			name = Release;
		};
/* End XCBuildConfiguration section */

/* Begin XCConfigurationList section */
		1154267919EFB38A0029A732 /* Build configuration list for PBXProject "JSONParse" */ = {
			isa = XCConfigurationList;
			buildConfigurations = (
				1154269F19EFB38F0029A732 /* Debug */,
				115426A019EFB38F0029A732 /* Release */,
			);
			defaultConfigurationIsVisible = 0;
			defaultConfigurationName = Release;
		};
		115426A119EFB38F0029A732 /* Build configuration list for PBXNativeTarget "JSONParse" */ = {
			isa = XCConfigurationList;
			buildConfigurations = (
				115426A219EFB38F0029A732 /* Debug */,
				115426A319EFB38F0029A732 /* Release */,
			);
			defaultConfigurationIsVisible = 0;
			defaultConfigurationName = Release;
		};
		115426A419EFB38F0029A732 /* Build configuration list for PBXNativeTarget "JSONParseTests" */ = {
			isa = XCConfigurationList;
			buildConfigurations = (
				115426A519EFB38F0029A732 /* Debug */,
				115426A619EFB38F0029A732 /* Release */,
			);
			defaultConfigurationIsVisible = 0;
			defaultConfigurationName = Release;
		};
/* End XCConfigurationList section */
	};
	rootObject = 1154267619EFB38A0029A732 /* Project object */;
}
